
Microsoft Visual Studio Solution File, Format Version 12.00
# Visual Studio 15
VisualStudioVersion = 15.0.27130.2036
MinimumVisualStudioVersion = 10.0.40219.1
Project("{DA7A21FA-8162-4350-AD77-A8D1B671F3ED}") = "CA - Power Analysis", "CA - Power Analysis.rxproj", "{4C6B7EEF-7CF2-4583-A829-33890719657B}"
EndProject
Global
	GlobalSection(SolutionConfigurationPlatforms) = preSolution
		Debug|Any CPU = Debug|Any CPU
		Release|Any CPU = Release|Any CPU
	EndGlobalSection
	GlobalSection(ProjectConfigurationPlatforms) = postSolution
		{4C6B7EEF-7CF2-4583-A829-33890719657B}.Debug|Any CPU.ActiveCfg = Debug|Any CPU
		{4C6B7EEF-7CF2-4583-A829-33890719657B}.Debug|Any CPU.Build.0 = Debug|Any CPU
		{4C6B7EEF-7CF2-4583-A829-33890719657B}.Release|Any CPU.ActiveCfg = Release|Any CPU
		{4C6B7EEF-7CF2-4583-A829-33890719657B}.Release|Any CPU.Build.0 = Release|Any CPU
	EndGlobalSection
	GlobalSection(SolutionProperties) = preSolution
		HideSolutionNode = FALSE
	EndGlobalSection
	GlobalSection(ExtensibilityGlobals) = postSolution
		SolutionGuid = {4CA060B6-6628-4065-BF1B-042EA06F342D}
	EndGlobalSection
EndGlobal
