
Microsoft Visual Studio Solution File, Format Version 12.00
# Visual Studio 15
VisualStudioVersion = 15.0.27130.2036
MinimumVisualStudioVersion = 10.0.40219.1
Project("{DA7A21FA-8162-4350-AD77-A8D1B671F3ED}") = "CA - Predictive Modelling", "CA - Predictive Modelling.rxproj", "{4000933A-6A4E-42FF-B71B-AEAA92EB216F}"
EndProject
Global
	GlobalSection(SolutionConfigurationPlatforms) = preSolution
		Debug|Any CPU = Debug|Any CPU
		Release|Any CPU = Release|Any CPU
	EndGlobalSection
	GlobalSection(ProjectConfigurationPlatforms) = postSolution
		{4000933A-6A4E-42FF-B71B-AEAA92EB216F}.Debug|Any CPU.ActiveCfg = Debug|Any CPU
		{4000933A-6A4E-42FF-B71B-AEAA92EB216F}.Debug|Any CPU.Build.0 = Debug|Any CPU
		{4000933A-6A4E-42FF-B71B-AEAA92EB216F}.Release|Any CPU.ActiveCfg = Release|Any CPU
		{4000933A-6A4E-42FF-B71B-AEAA92EB216F}.Release|Any CPU.Build.0 = Release|Any CPU
	EndGlobalSection
	GlobalSection(SolutionProperties) = preSolution
		HideSolutionNode = FALSE
	EndGlobalSection
	GlobalSection(ExtensibilityGlobals) = postSolution
		SolutionGuid = {4B9010ED-AED8-4193-AAAA-1814215316AE}
	EndGlobalSection
EndGlobal
