
Microsoft Visual Studio Solution File, Format Version 12.00
# Visual Studio 15
VisualStudioVersion = 15.0.27130.2036
MinimumVisualStudioVersion = 10.0.40219.1
Project("{DA7A21FA-8162-4350-AD77-A8D1B671F3ED}") = "WebScraping", "WebScraping.rxproj", "{FEF68F3E-0FBB-47C8-B611-5CB184C70066}"
EndProject
Global
	GlobalSection(SolutionConfigurationPlatforms) = preSolution
		Debug|Any CPU = Debug|Any CPU
		Release|Any CPU = Release|Any CPU
	EndGlobalSection
	GlobalSection(ProjectConfigurationPlatforms) = postSolution
		{FEF68F3E-0FBB-47C8-B611-5CB184C70066}.Debug|Any CPU.ActiveCfg = Debug|Any CPU
		{FEF68F3E-0FBB-47C8-B611-5CB184C70066}.Debug|Any CPU.Build.0 = Debug|Any CPU
		{FEF68F3E-0FBB-47C8-B611-5CB184C70066}.Release|Any CPU.ActiveCfg = Release|Any CPU
		{FEF68F3E-0FBB-47C8-B611-5CB184C70066}.Release|Any CPU.Build.0 = Release|Any CPU
	EndGlobalSection
	GlobalSection(SolutionProperties) = preSolution
		HideSolutionNode = FALSE
	EndGlobalSection
	GlobalSection(ExtensibilityGlobals) = postSolution
		SolutionGuid = {8993FED5-0750-478F-B6BC-DE0436D45314}
	EndGlobalSection
EndGlobal
